# This file is generated by running "yarn install" inside your project.
# Manual changes might be lost - proceed with caution!

__metadata:
  version: 6

"local-workspace@workspace:*, local-workspace@workspace:local-workspace":
  version: 0.0.0-use.local
  resolution: "local-workspace@workspace:local-workspace"
  languageName: unknown
  linkType: soft

"yarn-demo-git-source-package@workspace:.":
  version: 0.0.0-use.local
  resolution: "yarn-demo-git-source-package@workspace:."
  dependencies:
    local-workspace: "workspace:*"
  languageName: unknown
  linkType: soft
